// !$*UTF8*$!
{
	archiveVersion = 1;
	classes = {
	};
	objectVersion = 55;
	objects = {

/* Begin PBXBuildFile section */
		6AC600589C996C877FAE05EA /* Pods_EventPopUp.framework in Frameworks */ = {isa = PBXBuildFile; fileRef = 53A38F813ADE65FEC56AAB65 /* Pods_EventPopUp.framework */; };
		F570FB9328D1CD3D0099540F /* AppDelegate.swift in Sources */ = {isa = PBXBuildFile; fileRef = F570FB9228D1CD3D0099540F /* AppDelegate.swift */; };
		F570FB9528D1CD3D0099540F /* SceneDelegate.swift in Sources */ = {isa = PBXBuildFile; fileRef = F570FB9428D1CD3D0099540F /* SceneDelegate.swift */; };
		F570FB9728D1CD3D0099540F /* PopUpViewViewController.swift in Sources */ = {isa = PBXBuildFile; fileRef = F570FB9628D1CD3D0099540F /* PopUpViewViewController.swift */; };
		F570FB9A28D1CD3D0099540F /* Main.storyboard in Resources */ = {isa = PBXBuildFile; fileRef = F570FB9828D1CD3D0099540F /* Main.storyboard */; };
		F570FB9C28D1CD3E0099540F /* Assets.xcassets in Resources */ = {isa = PBXBuildFile; fileRef = F570FB9B28D1CD3E0099540F /* Assets.xcassets */; };
		F570FB9F28D1CD3E0099540F /* LaunchScreen.storyboard in Resources */ = {isa = PBXBuildFile; fileRef = F570FB9D28D1CD3E0099540F /* LaunchScreen.storyboard */; };
		F5EF3D1428D2A4E300A66655 /* Constant.swift in Sources */ = {isa = PBXBuildFile; fileRef = F5EF3D1328D2A4E300A66655 /* Constant.swift */; };
		F5EF3D1B28D2B74900A66655 /* DetailViewController.swift in Sources */ = {isa = PBXBuildFile; fileRef = F5EF3D1A28D2B74900A66655 /* DetailViewController.swift */; };
		F5EF3D1D28D2C2D800A66655 /* CustomPopupViewController.swift in Sources */ = {isa = PBXBuildFile; fileRef = F5EF3D1C28D2C2D800A66655 /* CustomPopupViewController.swift */; };
		F5EF3D1F28D2C2E400A66655 /* CustomPopupViewController.xib in Resources */ = {isa = PBXBuildFile; fileRef = F5EF3D1E28D2C2E400A66655 /* CustomPopupViewController.xib */; };
		F5EF3D2228D2CA3E00A66655 /* UIButton+Extension.swift in Sources */ = {isa = PBXBuildFile; fileRef = F5EF3D2128D2CA3E00A66655 /* UIButton+Extension.swift */; };
/* End PBXBuildFile section */

/* Begin PBXFileReference section */
		53A38F813ADE65FEC56AAB65 /* Pods_EventPopUp.framework */ = {isa = PBXFileReference; explicitFileType = wrapper.framework; includeInIndex = 0; path = Pods_EventPopUp.framework; sourceTree = BUILT_PRODUCTS_DIR; };
		8267456ADFC5CBAEE4DD98C5 /* Pods-EventPopUp.debug.xcconfig */ = {isa = PBXFileReference; includeInIndex = 1; lastKnownFileType = text.xcconfig; name = "Pods-EventPopUp.debug.xcconfig"; path = "Target Support Files/Pods-EventPopUp/Pods-EventPopUp.debug.xcconfig"; sourceTree = "<group>"; };
		F570FB8F28D1CD3D0099540F /* EventPopUp.app */ = {isa = PBXFileReference; explicitFileType = wrapper.application; includeInIndex = 0; path = EventPopUp.app; sourceTree = BUILT_PRODUCTS_DIR; };
		F570FB9228D1CD3D0099540F /* AppDelegate.swift */ = {isa = PBXFileReference; lastKnownFileType = sourcecode.swift; path = AppDelegate.swift; sourceTree = "<group>"; };
		F570FB9428D1CD3D0099540F /* SceneDelegate.swift */ = {isa = PBXFileReference; lastKnownFileType = sourcecode.swift; path = SceneDelegate.swift; sourceTree = "<group>"; };
		F570FB9628D1CD3D0099540F /* PopUpViewViewController.swift */ = {isa = PBXFileReference; lastKnownFileType = sourcecode.swift; path = PopUpViewViewController.swift; sourceTree = "<group>"; };
		F570FB9928D1CD3D0099540F /* Base */ = {isa = PBXFileReference; lastKnownFileType = file.storyboard; name = Base; path = Base.lproj/Main.storyboard; sourceTree = "<group>"; };
		F570FB9B28D1CD3E0099540F /* Assets.xcassets */ = {isa = PBXFileReference; lastKnownFileType = folder.assetcatalog; path = Assets.xcassets; sourceTree = "<group>"; };
		F570FB9E28D1CD3E0099540F /* Base */ = {isa = PBXFileReference; lastKnownFileType = file.storyboard; name = Base; path = Base.lproj/LaunchScreen.storyboard; sourceTree = "<group>"; };
		F570FBA028D1CD3E0099540F /* Info.plist */ = {isa = PBXFileReference; lastKnownFileType = text.plist.xml; path = Info.plist; sourceTree = "<group>"; };
		F5EF3D1328D2A4E300A66655 /* Constant.swift */ = {isa = PBXFileReference; lastKnownFileType = sourcecode.swift; path = Constant.swift; sourceTree = "<group>"; };
		F5EF3D1A28D2B74900A66655 /* DetailViewController.swift */ = {isa = PBXFileReference; lastKnownFileType = sourcecode.swift; path = DetailViewController.swift; sourceTree = "<group>"; };
		F5EF3D1C28D2C2D800A66655 /* CustomPopupViewController.swift */ = {isa = PBXFileReference; lastKnownFileType = sourcecode.swift; path = CustomPopupViewController.swift; sourceTree = "<group>"; };
		F5EF3D1E28D2C2E400A66655 /* CustomPopupViewController.xib */ = {isa = PBXFileReference; lastKnownFileType = file.xib; path = CustomPopupViewController.xib; sourceTree = "<group>"; };
		F5EF3D2128D2CA3E00A66655 /* UIButton+Extension.swift */ = {isa = PBXFileReference; lastKnownFileType = sourcecode.swift; path = "UIButton+Extension.swift"; sourceTree = "<group>"; };
		F6BC189B57E5086F396C6685 /* Pods-EventPopUp.release.xcconfig */ = {isa = PBXFileReference; includeInIndex = 1; lastKnownFileType = text.xcconfig; name = "Pods-EventPopUp.release.xcconfig"; path = "Target Support Files/Pods-EventPopUp/Pods-EventPopUp.release.xcconfig"; sourceTree = "<group>"; };
/* End PBXFileReference section */

/* Begin PBXFrameworksBuildPhase section */
		F570FB8C28D1CD3D0099540F /* Frameworks */ = {
			isa = PBXFrameworksBuildPhase;
			buildActionMask = 2147483647;
			files = (
				6AC600589C996C877FAE05EA /* Pods_EventPopUp.framework in Frameworks */,
			);
			runOnlyForDeploymentPostprocessing = 0;
		};
/* End PBXFrameworksBuildPhase section */

/* Begin PBXGroup section */
		C394B9A754EE4AC96EA70CC0 /* Frameworks */ = {
			isa = PBXGroup;
			children = (
				53A38F813ADE65FEC56AAB65 /* Pods_EventPopUp.framework */,
			);
			name = Frameworks;
			sourceTree = "<group>";
		};
		E8B6B46BC9F8D4F376DD0BAD /* Pods */ = {
			isa = PBXGroup;
			children = (
				8267456ADFC5CBAEE4DD98C5 /* Pods-EventPopUp.debug.xcconfig */,
				F6BC189B57E5086F396C6685 /* Pods-EventPopUp.release.xcconfig */,
			);
			path = Pods;
			sourceTree = "<group>";
		};
		F570FB8628D1CD3D0099540F = {
			isa = PBXGroup;
			children = (
				F570FB9128D1CD3D0099540F /* EventPopUp */,
				F570FB9028D1CD3D0099540F /* Products */,
				E8B6B46BC9F8D4F376DD0BAD /* Pods */,
				C394B9A754EE4AC96EA70CC0 /* Frameworks */,
			);
			sourceTree = "<group>";
		};
		F570FB9028D1CD3D0099540F /* Products */ = {
			isa = PBXGroup;
			children = (
				F570FB8F28D1CD3D0099540F /* EventPopUp.app */,
			);
			name = Products;
			sourceTree = "<group>";
		};
		F570FB9128D1CD3D0099540F /* EventPopUp */ = {
			isa = PBXGroup;
			children = (
				F5EF3D2028D2CA2E00A66655 /* Extension */,
				F570FB9228D1CD3D0099540F /* AppDelegate.swift */,
				F570FB9428D1CD3D0099540F /* SceneDelegate.swift */,
				F5EF3D1828D2A63900A66655 /* Constant */,
				F5EF3D1728D2A62800A66655 /* ViewControllers */,
				F570FB9828D1CD3D0099540F /* Main.storyboard */,
				F5EF3D1E28D2C2E400A66655 /* CustomPopupViewController.xib */,
				F570FB9D28D1CD3E0099540F /* LaunchScreen.storyboard */,
				F570FB9B28D1CD3E0099540F /* Assets.xcassets */,
				F570FBA028D1CD3E0099540F /* Info.plist */,
			);
			path = EventPopUp;
			sourceTree = "<group>";
		};
		F5EF3D1728D2A62800A66655 /* ViewControllers */ = {
			isa = PBXGroup;
			children = (
				F570FB9628D1CD3D0099540F /* PopUpViewViewController.swift */,
				F5EF3D1C28D2C2D800A66655 /* CustomPopupViewController.swift */,
				F5EF3D1A28D2B74900A66655 /* DetailViewController.swift */,
			);
			path = ViewControllers;
			sourceTree = "<group>";
		};
		F5EF3D1828D2A63900A66655 /* Constant */ = {
			isa = PBXGroup;
			children = (
				F5EF3D1328D2A4E300A66655 /* Constant.swift */,
			);
			path = Constant;
			sourceTree = "<group>";
		};
		F5EF3D2028D2CA2E00A66655 /* Extension */ = {
			isa = PBXGroup;
			children = (
				F5EF3D2128D2CA3E00A66655 /* UIButton+Extension.swift */,
			);
			path = Extension;
			sourceTree = "<group>";
		};
/* End PBXGroup section */

/* Begin PBXNativeTarget section */
		F570FB8E28D1CD3D0099540F /* EventPopUp */ = {
			isa = PBXNativeTarget;
			buildConfigurationList = F570FBA328D1CD3E0099540F /* Build configuration list for PBXNativeTarget "EventPopUp" */;
			buildPhases = (
				E1ED7E816D57ACD2F4AEE47A /* [CP] Check Pods Manifest.lock */,
				F570FB8B28D1CD3D0099540F /* Sources */,
				F570FB8C28D1CD3D0099540F /* Frameworks */,
				F570FB8D28D1CD3D0099540F /* Resources */,
				37E638674F99DB475BB5CA51 /* [CP] Embed Pods Frameworks */,
			);
			buildRules = (
			);
			dependencies = (
			);
			name = EventPopUp;
			productName = EventPopUp;
			productReference = F570FB8F28D1CD3D0099540F /* EventPopUp.app */;
			productType = "com.apple.product-type.application";
		};
/* End PBXNativeTarget section */

/* Begin PBXProject section */
		F570FB8728D1CD3D0099540F /* Project object */ = {
			isa = PBXProject;
			attributes = {
				BuildIndependentTargetsInParallel = 1;
				LastSwiftUpdateCheck = 1340;
				LastUpgradeCheck = 1340;
				TargetAttributes = {
					F570FB8E28D1CD3D0099540F = {
						CreatedOnToolsVersion = 13.4.1;
					};
				};
			};
			buildConfigurationList = F570FB8A28D1CD3D0099540F /* Build configuration list for PBXProject "EventPopUp" */;
			compatibilityVersion = "Xcode 13.0";
			developmentRegion = en;
			hasScannedForEncodings = 0;
			knownRegions = (
				en,
				Base,
			);
			mainGroup = F570FB8628D1CD3D0099540F;
			productRefGroup = F570FB9028D1CD3D0099540F /* Products */;
			projectDirPath = "";
			projectRoot = "";
			targets = (
				F570FB8E28D1CD3D0099540F /* EventPopUp */,
			);
		};
/* End PBXProject section */

/* Begin PBXResourcesBuildPhase section */
		F570FB8D28D1CD3D0099540F /* Resources */ = {
			isa = PBXResourcesBuildPhase;
			buildActionMask = 2147483647;
			files = (
				F5EF3D1F28D2C2E400A66655 /* CustomPopupViewController.xib in Resources */,
				F570FB9F28D1CD3E0099540F /* LaunchScreen.storyboard in Resources */,
				F570FB9C28D1CD3E0099540F /* Assets.xcassets in Resources */,
				F570FB9A28D1CD3D0099540F /* Main.storyboard in Resources */,
			);
			runOnlyForDeploymentPostprocessing = 0;
		};
/* End PBXResourcesBuildPhase section */

/* Begin PBXShellScriptBuildPhase section */
		37E638674F99DB475BB5CA51 /* [CP] Embed Pods Frameworks */ = {
			isa = PBXShellScriptBuildPhase;
			buildActionMask = 2147483647;
			files = (
			);
			inputFileListPaths = (
				"${PODS_ROOT}/Target Support Files/Pods-EventPopUp/Pods-EventPopUp-frameworks-${CONFIGURATION}-input-files.xcfilelist",
			);
			name = "[CP] Embed Pods Frameworks";
			outputFileListPaths = (
				"${PODS_ROOT}/Target Support Files/Pods-EventPopUp/Pods-EventPopUp-frameworks-${CONFIGURATION}-output-files.xcfilelist",
			);
			runOnlyForDeploymentPostprocessing = 0;
			shellPath = /bin/sh;
			shellScript = "\"${PODS_ROOT}/Target Support Files/Pods-EventPopUp/Pods-EventPopUp-frameworks.sh\"\n";
			showEnvVarsInLog = 0;
		};
		E1ED7E816D57ACD2F4AEE47A /* [CP] Check Pods Manifest.lock */ = {
			isa = PBXShellScriptBuildPhase;
			buildActionMask = 2147483647;
			files = (
			);
			inputFileListPaths = (
			);
			inputPaths = (
				"${PODS_PODFILE_DIR_PATH}/Podfile.lock",
				"${PODS_ROOT}/Manifest.lock",
			);
			name = "[CP] Check Pods Manifest.lock";
			outputFileListPaths = (
			);
			outputPaths = (
				"$(DERIVED_FILE_DIR)/Pods-EventPopUp-checkManifestLockResult.txt",
			);
			runOnlyForDeploymentPostprocessing = 0;
			shellPath = /bin/sh;
			shellScript = "diff \"${PODS_PODFILE_DIR_PATH}/Podfile.lock\" \"${PODS_ROOT}/Manifest.lock\" > /dev/null\nif [ $? != 0 ] ; then\n    # print error to STDERR\n    echo \"error: The sandbox is not in sync with the Podfile.lock. Run 'pod install' or update your CocoaPods installation.\" >&2\n    exit 1\nfi\n# This output is used by Xcode 'outputs' to avoid re-running this script phase.\necho \"SUCCESS\" > \"${SCRIPT_OUTPUT_FILE_0}\"\n";
			showEnvVarsInLog = 0;
		};
/* End PBXShellScriptBuildPhase section */

/* Begin PBXSourcesBuildPhase section */
		F570FB8B28D1CD3D0099540F /* Sources */ = {
			isa = PBXSourcesBuildPhase;
			buildActionMask = 2147483647;
			files = (
				F570FB9728D1CD3D0099540F /* PopUpViewViewController.swift in Sources */,
				F570FB9328D1CD3D0099540F /* AppDelegate.swift in Sources */,
				F570FB9528D1CD3D0099540F /* SceneDelegate.swift in Sources */,
				F5EF3D1B28D2B74900A66655 /* DetailViewController.swift in Sources */,
				F5EF3D1428D2A4E300A66655 /* Constant.swift in Sources */,
				F5EF3D2228D2CA3E00A66655 /* UIButton+Extension.swift in Sources */,
				F5EF3D1D28D2C2D800A66655 /* CustomPopupViewController.swift in Sources */,
			);
			runOnlyForDeploymentPostprocessing = 0;
		};
/* End PBXSourcesBuildPhase section */

/* Begin PBXVariantGroup section */
		F570FB9828D1CD3D0099540F /* Main.storyboard */ = {
			isa = PBXVariantGroup;
			children = (
				F570FB9928D1CD3D0099540F /* Base */,
			);
			name = Main.storyboard;
			sourceTree = "<group>";
		};
		F570FB9D28D1CD3E0099540F /* LaunchScreen.storyboard */ = {
			isa = PBXVariantGroup;
			children = (
				F570FB9E28D1CD3E0099540F /* Base */,
			);
			name = LaunchScreen.storyboard;
			sourceTree = "<group>";
		};
/* End PBXVariantGroup section */

/* Begin XCBuildConfiguration section */
		F570FBA128D1CD3E0099540F /* Debug */ = {
			isa = XCBuildConfiguration;
			buildSettings = {
				ALWAYS_SEARCH_USER_PATHS = NO;
				CLANG_ANALYZER_NONNULL = YES;
				CLANG_ANALYZER_NUMBER_OBJECT_CONVERSION = YES_AGGRESSIVE;
				CLANG_CXX_LANGUAGE_STANDARD = "gnu++17";
				CLANG_ENABLE_MODULES = YES;
				CLANG_ENABLE_OBJC_ARC = YES;
				CLANG_ENABLE_OBJC_WEAK = YES;
				CLANG_WARN_BLOCK_CAPTURE_AUTORELEASING = YES;
				CLANG_WARN_BOOL_CONVERSION = YES;
				CLANG_WARN_COMMA = YES;
				CLANG_WARN_CONSTANT_CONVERSION = YES;
				CLANG_WARN_DEPRECATED_OBJC_IMPLEMENTATIONS = YES;
				CLANG_WARN_DIRECT_OBJC_ISA_USAGE = YES_ERROR;
				CLANG_WARN_DOCUMENTATION_COMMENTS = YES;
				CLANG_WARN_EMPTY_BODY = YES;
				CLANG_WARN_ENUM_CONVERSION = YES;
				CLANG_WARN_INFINITE_RECURSION = YES;
				CLANG_WARN_INT_CONVERSION = YES;
				CLANG_WARN_NON_LITERAL_NULL_CONVERSION = YES;
				CLANG_WARN_OBJC_IMPLICIT_RETAIN_SELF = YES;
				CLANG_WARN_OBJC_LITERAL_CONVERSION = YES;
				CLANG_WARN_OBJC_ROOT_CLASS = YES_ERROR;
				CLANG_WARN_QUOTED_INCLUDE_IN_FRAMEWORK_HEADER = YES;
				CLANG_WARN_RANGE_LOOP_ANALYSIS = YES;
				CLANG_WARN_STRICT_PROTOTYPES = YES;
				CLANG_WARN_SUSPICIOUS_MOVE = YES;
				CLANG_WARN_UNGUARDED_AVAILABILITY = YES_AGGRESSIVE;
				CLANG_WARN_UNREACHABLE_CODE = YES;
				CLANG_WARN__DUPLICATE_METHOD_MATCH = YES;
				COPY_PHASE_STRIP = NO;
				DEBUG_INFORMATION_FORMAT = dwarf;
				ENABLE_STRICT_OBJC_MSGSEND = YES;
				ENABLE_TESTABILITY = YES;
				GCC_C_LANGUAGE_STANDARD = gnu11;
				GCC_DYNAMIC_NO_PIC = NO;
				GCC_NO_COMMON_BLOCKS = YES;
				GCC_OPTIMIZATION_LEVEL = 0;
				GCC_PREPROCESSOR_DEFINITIONS = (
					"DEBUG=1",
					"$(inherited)",
				);
				GCC_WARN_64_TO_32_BIT_CONVERSION = YES;
				GCC_WARN_ABOUT_RETURN_TYPE = YES_ERROR;
				GCC_WARN_UNDECLARED_SELECTOR = YES;
				GCC_WARN_UNINITIALIZED_AUTOS = YES_AGGRESSIVE;
				GCC_WARN_UNUSED_FUNCTION = YES;
				GCC_WARN_UNUSED_VARIABLE = YES;
				IPHONEOS_DEPLOYMENT_TARGET = 15.5;
				MTL_ENABLE_DEBUG_INFO = INCLUDE_SOURCE;
				MTL_FAST_MATH = YES;
				ONLY_ACTIVE_ARCH = YES;
				SDKROOT = iphoneos;
				SWIFT_ACTIVE_COMPILATION_CONDITIONS = DEBUG;
				SWIFT_OPTIMIZATION_LEVEL = "-Onone";
			};
			name = Debug;
		};
		F570FBA228D1CD3E0099540F /* Release */ = {
			isa = XCBuildConfiguration;
			buildSettings = {
				ALWAYS_SEARCH_USER_PATHS = NO;
				CLANG_ANALYZER_NONNULL = YES;
				CLANG_ANALYZER_NUMBER_OBJECT_CONVERSION = YES_AGGRESSIVE;
				CLANG_CXX_LANGUAGE_STANDARD = "gnu++17";
				CLANG_ENABLE_MODULES = YES;
				CLANG_ENABLE_OBJC_ARC = YES;
				CLANG_ENABLE_OBJC_WEAK = YES;
				CLANG_WARN_BLOCK_CAPTURE_AUTORELEASING = YES;
				CLANG_WARN_BOOL_CONVERSION = YES;
				CLANG_WARN_COMMA = YES;
				CLANG_WARN_CONSTANT_CONVERSION = YES;
				CLANG_WARN_DEPRECATED_OBJC_IMPLEMENTATIONS = YES;
				CLANG_WARN_DIRECT_OBJC_ISA_USAGE = YES_ERROR;
				CLANG_WARN_DOCUMENTATION_COMMENTS = YES;
				CLANG_WARN_EMPTY_BODY = YES;
				CLANG_WARN_ENUM_CONVERSION = YES;
				CLANG_WARN_INFINITE_RECURSION = YES;
				CLANG_WARN_INT_CONVERSION = YES;
				CLANG_WARN_NON_LITERAL_NULL_CONVERSION = YES;
				CLANG_WARN_OBJC_IMPLICIT_RETAIN_SELF = YES;
				CLANG_WARN_OBJC_LITERAL_CONVERSION = YES;
				CLANG_WARN_OBJC_ROOT_CLASS = YES_ERROR;
				CLANG_WARN_QUOTED_INCLUDE_IN_FRAMEWORK_HEADER = YES;
				CLANG_WARN_RANGE_LOOP_ANALYSIS = YES;
				CLANG_WARN_STRICT_PROTOTYPES = YES;
				CLANG_WARN_SUSPICIOUS_MOVE = YES;
				CLANG_WARN_UNGUARDED_AVAILABILITY = YES_AGGRESSIVE;
				CLANG_WARN_UNREACHABLE_CODE = YES;
				CLANG_WARN__DUPLICATE_METHOD_MATCH = YES;
				COPY_PHASE_STRIP = NO;
				DEBUG_INFORMATION_FORMAT = "dwarf-with-dsym";
				ENABLE_NS_ASSERTIONS = NO;
				ENABLE_STRICT_OBJC_MSGSEND = YES;
				GCC_C_LANGUAGE_STANDARD = gnu11;
				GCC_NO_COMMON_BLOCKS = YES;
				GCC_WARN_64_TO_32_BIT_CONVERSION = YES;
				GCC_WARN_ABOUT_RETURN_TYPE = YES_ERROR;
				GCC_WARN_UNDECLARED_SELECTOR = YES;
				GCC_WARN_UNINITIALIZED_AUTOS = YES_AGGRESSIVE;
				GCC_WARN_UNUSED_FUNCTION = YES;
				GCC_WARN_UNUSED_VARIABLE = YES;
				IPHONEOS_DEPLOYMENT_TARGET = 15.5;
				MTL_ENABLE_DEBUG_INFO = NO;
				MTL_FAST_MATH = YES;
				SDKROOT = iphoneos;
				SWIFT_COMPILATION_MODE = wholemodule;
				SWIFT_OPTIMIZATION_LEVEL = "-O";
				VALIDATE_PRODUCT = YES;
			};
			name = Release;
		};
		F570FBA428D1CD3E0099540F /* Debug */ = {
			isa = XCBuildConfiguration;
			baseConfigurationReference = 8267456ADFC5CBAEE4DD98C5 /* Pods-EventPopUp.debug.xcconfig */;
			buildSettings = {
				ASSETCATALOG_COMPILER_APPICON_NAME = AppIcon;
				ASSETCATALOG_COMPILER_GLOBAL_ACCENT_COLOR_NAME = AccentColor;
				CODE_SIGN_STYLE = Automatic;
				CURRENT_PROJECT_VERSION = 1;
				DEVELOPMENT_TEAM = 8D25AB624P;
				GENERATE_INFOPLIST_FILE = YES;
				INFOPLIST_FILE = EventPopUp/Info.plist;
				INFOPLIST_KEY_UIApplicationSupportsIndirectInputEvents = YES;
				INFOPLIST_KEY_UILaunchStoryboardName = LaunchScreen;
				INFOPLIST_KEY_UIMainStoryboardFile = Main;
				INFOPLIST_KEY_UISupportedInterfaceOrientations_iPad = "UIInterfaceOrientationPortrait UIInterfaceOrientationPortraitUpsideDown UIInterfaceOrientationLandscapeLeft UIInterfaceOrientationLandscapeRight";
				INFOPLIST_KEY_UISupportedInterfaceOrientations_iPhone = "UIInterfaceOrientationPortrait UIInterfaceOrientationLandscapeLeft UIInterfaceOrientationLandscapeRight";
				IPHONEOS_DEPLOYMENT_TARGET = 13.0;
				LD_RUNPATH_SEARCH_PATHS = (
					"$(inherited)",
					"@executable_path/Frameworks",
				);
				MARKETING_VERSION = 1.0;
				PRODUCT_BUNDLE_IDENTIFIER = com.chris.EventPopUp;
				PRODUCT_NAME = "$(TARGET_NAME)";
				SWIFT_EMIT_LOC_STRINGS = YES;
				SWIFT_VERSION = 5.0;
				TARGETED_DEVICE_FAMILY = "1,2";
			};
			name = Debug;
		};
		F570FBA528D1CD3E0099540F /* Release */ = {
			isa = XCBuildConfiguration;
			baseConfigurationReference = F6BC189B57E5086F396C6685 /* Pods-EventPopUp.release.xcconfig */;
			buildSettings = {
				ASSETCATALOG_COMPILER_APPICON_NAME = AppIcon;
				ASSETCATALOG_COMPILER_GLOBAL_ACCENT_COLOR_NAME = AccentColor;
				CODE_SIGN_STYLE = Automatic;
				CURRENT_PROJECT_VERSION = 1;
				DEVELOPMENT_TEAM = 8D25AB624P;
				GENERATE_INFOPLIST_FILE = YES;
				INFOPLIST_FILE = EventPopUp/Info.plist;
				INFOPLIST_KEY_UIApplicationSupportsIndirectInputEvents = YES;
				INFOPLIST_KEY_UILaunchStoryboardName = LaunchScreen;
				INFOPLIST_KEY_UIMainStoryboardFile = Main;
				INFOPLIST_KEY_UISupportedInterfaceOrientations_iPad = "UIInterfaceOrientationPortrait UIInterfaceOrientationPortraitUpsideDown UIInterfaceOrientationLandscapeLeft UIInterfaceOrientationLandscapeRight";
				INFOPLIST_KEY_UISupportedInterfaceOrientations_iPhone = "UIInterfaceOrientationPortrait UIInterfaceOrientationLandscapeLeft UIInterfaceOrientationLandscapeRight";
				IPHONEOS_DEPLOYMENT_TARGET = 13.0;
				LD_RUNPATH_SEARCH_PATHS = (
					"$(inherited)",
					"@executable_path/Frameworks",
				);
				MARKETING_VERSION = 1.0;
				PRODUCT_BUNDLE_IDENTIFIER = com.chris.EventPopUp;
				PRODUCT_NAME = "$(TARGET_NAME)";
				SWIFT_EMIT_LOC_STRINGS = YES;
				SWIFT_VERSION = 5.0;
				TARGETED_DEVICE_FAMILY = "1,2";
			};
			name = Release;
		};
/* End XCBuildConfiguration section */

/* Begin XCConfigurationList section */
		F570FB8A28D1CD3D0099540F /* Build configuration list for PBXProject "EventPopUp" */ = {
			isa = XCConfigurationList;
			buildConfigurations = (
				F570FBA128D1CD3E0099540F /* Debug */,
				F570FBA228D1CD3E0099540F /* Release */,
			);
			defaultConfigurationIsVisible = 0;
			defaultConfigurationName = Release;
		};
		F570FBA328D1CD3E0099540F /* Build configuration list for PBXNativeTarget "EventPopUp" */ = {
			isa = XCConfigurationList;
			buildConfigurations = (
				F570FBA428D1CD3E0099540F /* Debug */,
				F570FBA528D1CD3E0099540F /* Release */,
			);
			defaultConfigurationIsVisible = 0;
			defaultConfigurationName = Release;
		};
/* End XCConfigurationList section */
	};
	rootObject = F570FB8728D1CD3D0099540F /* Project object */;
}
